
Microsoft Visual Studio Solution File, Format Version 12.00
# Visual Studio 16
Project("{8BC9CEB8-8B4A-11D0-8D11-00A0C91BC942}") = "EngineDesignPatterns", "EngineDesignPatterns\EngineDesignPatterns.vcxproj", "{669B85DC-522A-0FA6-FB48-23A1E7B61F4C}"
EndProject
Global
	GlobalSection(SolutionConfigurationPlatforms) = preSolution
		Debug|x64 = Debug|x64
		Release|x64 = Release|x64
	EndGlobalSection
	GlobalSection(ProjectConfigurationPlatforms) = postSolution
		{669B85DC-522A-0FA6-FB48-23A1E7B61F4C}.Debug|x64.ActiveCfg = Debug|x64
		{669B85DC-522A-0FA6-FB48-23A1E7B61F4C}.Debug|x64.Build.0 = Debug|x64
		{669B85DC-522A-0FA6-FB48-23A1E7B61F4C}.Release|x64.ActiveCfg = Release|x64
		{669B85DC-522A-0FA6-FB48-23A1E7B61F4C}.Release|x64.Build.0 = Release|x64
	EndGlobalSection
	GlobalSection(SolutionProperties) = preSolution
		HideSolutionNode = FALSE
	EndGlobalSection
EndGlobal
