<?xml version="1.0" encoding="utf-8"?>
<Project ToolsVersion="4.0" xmlns="http://schemas.microsoft.com/developer/msbuild/2003">
  <ItemGroup>
    <Filter Include="Concepts">
      <UniqueIdentifier>{C4953EB9-B062-99C4-D97B-876CC5A7CE52}</UniqueIdentifier>
    </Filter>
    <Filter Include="ECS">
      <UniqueIdentifier>{60E1870B-CCEA-877C-5566-9E7CC16E937C}</UniqueIdentifier>
    </Filter>
    <Filter Include="Event">
      <UniqueIdentifier>{E70B220D-5320-4ABE-1CA2-ED1D887546EF}</UniqueIdentifier>
    </Filter>
    <Filter Include="FDC">
      <UniqueIdentifier>{B2E5870B-1EEF-877C-A76A-9E7C1373937C}</UniqueIdentifier>
    </Filter>
    <Filter Include="Testing">
      <UniqueIdentifier>{63FFD639-CFDE-55D5-D8F6-E0AB4455BC36}</UniqueIdentifier>
    </Filter>
  </ItemGroup>
  <ItemGroup>
    <ClInclude Include="src\Concepts\FunctionPointers.h">
      <Filter>Concepts</Filter>
    </ClInclude>
    <ClInclude Include="src\Concepts\InheritanceByData.h">
      <Filter>Concepts</Filter>
    </ClInclude>
    <ClInclude Include="src\Concepts\InheritanceBySystem.h">
      <Filter>Concepts</Filter>
    </ClInclude>
    <ClInclude Include="src\Concepts\Other.h">
      <Filter>Concepts</Filter>
    </ClInclude>
    <ClInclude Include="src\Concepts\StaticCasting.h">
      <Filter>Concepts</Filter>
    </ClInclude>
    <ClInclude Include="src\ECS\ComponentManager.h">
      <Filter>ECS</Filter>
    </ClInclude>
    <ClInclude Include="src\ECS\ComponentStorage.h">
      <Filter>ECS</Filter>
    </ClInclude>
    <ClInclude Include="src\ECS\Coordinator.h">
      <Filter>ECS</Filter>
    </ClInclude>
    <ClInclude Include="src\ECS\ECS.h">
      <Filter>ECS</Filter>
    </ClInclude>
    <ClInclude Include="src\ECS\EntityManager.h">
      <Filter>ECS</Filter>
    </ClInclude>
    <ClInclude Include="src\ECS\System.h">
      <Filter>ECS</Filter>
    </ClInclude>
    <ClInclude Include="src\ECS\SystemManager.h">
      <Filter>ECS</Filter>
    </ClInclude>
    <ClInclude Include="src\Event\Station.h">
      <Filter>Event</Filter>
    </ClInclude>
    <ClInclude Include="src\FDC\DCFC.h">
      <Filter>FDC</Filter>
    </ClInclude>
    <ClInclude Include="src\FDC\DataSet.h">
      <Filter>FDC</Filter>
    </ClInclude>
    <ClInclude Include="src\FDC\FunctionSet.h">
      <Filter>FDC</Filter>
    </ClInclude>
    <ClInclude Include="src\Testing\ComponentTypes.h">
      <Filter>Testing</Filter>
    </ClInclude>
    <ClInclude Include="src\Testing\EventTypes.h">
      <Filter>Testing</Filter>
    </ClInclude>
    <ClInclude Include="src\Testing\ExampleLayer.h">
      <Filter>Testing</Filter>
    </ClInclude>
    <ClInclude Include="src\Testing\Layer.h">
      <Filter>Testing</Filter>
    </ClInclude>
    <ClInclude Include="src\Testing\StationTest.h">
      <Filter>Testing</Filter>
    </ClInclude>
    <ClInclude Include="src\Testing\TestSystem.h">
      <Filter>Testing</Filter>
    </ClInclude>
  </ItemGroup>
  <ItemGroup>
    <ClCompile Include="src\Testing\TestSystem.cpp">
      <Filter>Testing</Filter>
    </ClCompile>
    <ClCompile Include="src\main.cpp" />
  </ItemGroup>
</Project>